<?xml version="1.0" encoding="utf-8"?>
<Project ToolsVersion="4.0" xmlns="http://schemas.microsoft.com/developer/msbuild/2003">
  <ItemGroup>
    <Filter Include="Source Files">
      <UniqueIdentifier>{4FC737F1-C7A5-4376-A066-2A32D752A2FF}</UniqueIdentifier>
      <Extensions>cpp;c;cc;cxx;c++;cppm;ixx;def;odl;idl;hpj;bat;asm;asmx</Extensions>
    </Filter>
    <Filter Include="Header Files">
      <UniqueIdentifier>{93995380-89BD-4b04-88EB-625FBE52EBFB}</UniqueIdentifier>
      <Extensions>h;hh;hpp;hxx;h++;hm;inl;inc;ipp;xsd</Extensions>
    </Filter>
    <Filter Include="Resource Files">
      <UniqueIdentifier>{67DA6AB6-F800-4c08-8B7A-83BB121AAD01}</UniqueIdentifier>
      <Extensions>rc;ico;cur;bmp;dlg;rc2;rct;bin;rgs;gif;jpg;jpeg;jpe;resx;tiff;tif;png;wav;mfcribbon-ms</Extensions>
    </Filter>
  </ItemGroup>
  <ItemGroup>
    <ClCompile Include="backend\api-function.cpp">
      <Filter>Source Files</Filter>
    </ClCompile>
    <ClCompile Include="backend\vm-functions.cpp">
      <Filter>Source Files</Filter>
    </ClCompile>
    <ClCompile Include="exceptions\ExceptionBase.cpp">
      <Filter>Source Files</Filter>
    </ClCompile>
    <ClCompile Include="service\ClassMapping.cpp">
      <Filter>Source Files</Filter>
    </ClCompile>
    <ClCompile Include="service\CommonCShrap.cpp">
      <Filter>Source Files</Filter>
    </ClCompile>
    <ClCompile Include="service\Dumper.cpp">
      <Filter>Source Files</Filter>
    </ClCompile>
    <ClCompile Include="structures\misc\PatternStructs.cpp">
      <Filter>Source Files</Filter>
    </ClCompile>
    <ClCompile Include="structures\Class.cpp">
      <Filter>Source Files</Filter>
    </ClCompile>
    <ClCompile Include="structures\Domain.cpp">
      <Filter>Source Files</Filter>
    </ClCompile>
    <ClCompile Include="structures\FieldInfo.cpp">
      <Filter>Source Files</Filter>
    </ClCompile>
    <ClCompile Include="structures\Image.cpp">
      <Filter>Source Files</Filter>
    </ClCompile>
    <ClCompile Include="structures\MethodInfo.cpp">
      <Filter>Source Files</Filter>
    </ClCompile>
    <ClCompile Include="structures\Object.cpp">
      <Filter>Source Files</Filter>
    </ClCompile>
    <ClCompile Include="structures\String.cpp">
      <Filter>Source Files</Filter>
    </ClCompile>
    <ClCompile Include="structures\Type.cpp">
      <Filter>Source Files</Filter>
    </ClCompile>
    <ClCompile Include="Main.cpp">
      <Filter>Source Files</Filter>
    </ClCompile>
  </ItemGroup>
  <ItemGroup>
    <ClInclude Include="backend\api-function.hpp">
      <Filter>Header Files</Filter>
    </ClInclude>
    <ClInclude Include="backend\api-import-list.hpp">
      <Filter>Header Files</Filter>
    </ClInclude>
    <ClInclude Include="backend\tabledefs.hpp">
      <Filter>Header Files</Filter>
    </ClInclude>
    <ClInclude Include="backend\types.hpp">
      <Filter>Header Files</Filter>
    </ClInclude>
    <ClInclude Include="backend\vm-functions.hpp">
      <Filter>Header Files</Filter>
    </ClInclude>
    <ClInclude Include="exceptions\ExceptionBase.hpp">
      <Filter>Header Files</Filter>
    </ClInclude>
    <ClInclude Include="exceptions\IndexOutOfBound.hpp">
      <Filter>Header Files</Filter>
    </ClInclude>
    <ClInclude Include="exceptions\NoSuchClass.hpp">
      <Filter>Header Files</Filter>
    </ClInclude>
    <ClInclude Include="exceptions\NoSuchImage.hpp">
      <Filter>Header Files</Filter>
    </ClInclude>
    <ClInclude Include="exceptions\NoSuchMember.hpp">
      <Filter>Header Files</Filter>
    </ClInclude>
    <ClInclude Include="exceptions\NoSuchResult.hpp">
      <Filter>Header Files</Filter>
    </ClInclude>
    <ClInclude Include="exceptions\NullArgument.hpp">
      <Filter>Header Files</Filter>
    </ClInclude>
    <ClInclude Include="exceptions\PatternScanFailed.hpp">
      <Filter>Header Files</Filter>
    </ClInclude>
    <ClInclude Include="exceptions\UnexpectedError.hpp">
      <Filter>Header Files</Filter>
    </ClInclude>
    <ClInclude Include="exceptions\UnresolvedMappingQueue.hpp">
      <Filter>Header Files</Filter>
    </ClInclude>
    <ClInclude Include="misc\CommonGameStructs.hpp">
      <Filter>Header Files</Filter>
    </ClInclude>
    <ClInclude Include="service\ClassMapping.hpp">
      <Filter>Header Files</Filter>
    </ClInclude>
    <ClInclude Include="service\CommonCShrap.hpp">
      <Filter>Header Files</Filter>
    </ClInclude>
    <ClInclude Include="service\Dumper.hpp">
      <Filter>Header Files</Filter>
    </ClInclude>
    <ClInclude Include="structures\generic\Array.hpp">
      <Filter>Header Files</Filter>
    </ClInclude>
    <ClInclude Include="structures\generic\List.hpp">
      <Filter>Header Files</Filter>
    </ClInclude>
    <ClInclude Include="structures\misc\PatternStructs.hpp">
      <Filter>Header Files</Filter>
    </ClInclude>
    <ClInclude Include="structures\Class.hpp">
      <Filter>Header Files</Filter>
    </ClInclude>
    <ClInclude Include="structures\Domain.hpp">
      <Filter>Header Files</Filter>
    </ClInclude>
    <ClInclude Include="structures\FieldInfo.hpp">
      <Filter>Header Files</Filter>
    </ClInclude>
    <ClInclude Include="structures\Image.hpp">
      <Filter>Header Files</Filter>
    </ClInclude>
    <ClInclude Include="structures\MethodInfo.hpp">
      <Filter>Header Files</Filter>
    </ClInclude>
    <ClInclude Include="structures\Object.hpp">
      <Filter>Header Files</Filter>
    </ClInclude>
    <ClInclude Include="structures\String.hpp">
      <Filter>Header Files</Filter>
    </ClInclude>
    <ClInclude Include="structures\Type.hpp">
      <Filter>Header Files</Filter>
    </ClInclude>
    <ClInclude Include="structures\Typedefs.hpp">
      <Filter>Header Files</Filter>
    </ClInclude>
    <ClInclude Include="wrapper\MethodWrapper.hpp">
      <Filter>Header Files</Filter>
    </ClInclude>
    <ClInclude Include="IL2CPP.hpp">
      <Filter>Header Files</Filter>
    </ClInclude>
    <ClInclude Include="Main.hpp">
      <Filter>Header Files</Filter>
    </ClInclude>
  </ItemGroup>
  <ItemGroup>
    <Text Include="CmakeLists.txt" />
  </ItemGroup>
  <ItemGroup>
    <None Include="readme.md" />
  </ItemGroup>
</Project>